{
    "_readme": [
        "This file locks the dependencies of your project to a known state",
        "Read more about it at https://getcomposer.org/doc/01-basic-usage.md#installing-dependencies",
        "This file is @generated automatically"
    ],
    "content-hash": "b1019efd10cf4975063600bcf825db99",
    "packages": [
        {
            "name": "wruczek/php-file-cache",
            "version": "0.0.5",
            "source": {
                "type": "git",
                "url": "https://github.com/Wruczek/PHP-File-Cache.git",
                "reference": "83b0da10bc4cbf03fcc6f593abe7bfb663719902"
            },
            "dist": {
                "type": "zip",
                "url": "https://api.github.com/repos/Wruczek/PHP-File-Cache/zipball/83b0da10bc4cbf03fcc6f593abe7bfb663719902",
                "reference": "83b0da10bc4cbf03fcc6f593abe7bfb663719902",
                "shasum": ""
            },
            "require": {
                "php": ">=5.4.0"
            },
            "require-dev": {
                "php": ">=5.6.0",
                "phpunit/phpunit": "5.6.*"
            },
            "type": "library",
            "autoload": {
                "psr-4": {
                    "Wruczek\\PhpFileCache\\": "src/"
                }
            },
            "notification-url": "https://packagist.org/downloads/",
            "license": [
                "MIT"
            ],
            "authors": [
                {
                    "name": "Wruczek",
                    "email": "wruczekk@gmail.com",
                    "homepage": "https://wruczek.tech"
                }
            ],
            "description": "Light, simple and standalone PHP in-file caching class",
            "time": "2020-04-06T04:02:34+00:00"
        }
    ],
    "packages-dev": [],
    "aliases": [],
    "minimum-stability": "stable",
    "stability-flags": [],
    "prefer-stable": false,
    "prefer-lowest": false,
    "platform": [],
    "platform-dev": [],
    "plugin-api-version": "1.1.0"
}
